// !$*UTF8*$!
{
	archiveVersion = 1;
	classes = {
	};
	objectVersion = 46;
	objects = {

/* Begin PBXBuildFile section */
		3419BFAE1A30DA80005CF9BE /* main.m in Sources */ = {isa = PBXBuildFile; fileRef = 3419BFAD1A30DA80005CF9BE /* main.m */; };
		3419BFB11A30DA80005CF9BE /* AppDelegate.m in Sources */ = {isa = PBXBuildFile; fileRef = 3419BFB01A30DA80005CF9BE /* AppDelegate.m */; };
		3419BFB41A30DA80005CF9BE /* MainViewController.m in Sources */ = {isa = PBXBuildFile; fileRef = 3419BFB31A30DA80005CF9BE /* MainViewController.m */; };
		3419BFB71A30DA80005CF9BE /* Main.storyboard in Resources */ = {isa = PBXBuildFile; fileRef = 3419BFB51A30DA80005CF9BE /* Main.storyboard */; };
		3419BFB91A30DA80005CF9BE /* Images.xcassets in Resources */ = {isa = PBXBuildFile; fileRef = 3419BFB81A30DA80005CF9BE /* Images.xcassets */; };
		3419BFBC1A30DA80005CF9BE /* LaunchScreen.xib in Resources */ = {isa = PBXBuildFile; fileRef = 3419BFBA1A30DA80005CF9BE /* LaunchScreen.xib */; };
		3419BFC81A30DA80005CF9BE /* View_Transitions_ExampleTests.m in Sources */ = {isa = PBXBuildFile; fileRef = 3419BFC71A30DA80005CF9BE /* View_Transitions_ExampleTests.m */; };
		3419BFD31A30DE71005CF9BE /* TransitionOneViewController.m in Sources */ = {isa = PBXBuildFile; fileRef = 3419BFD21A30DE71005CF9BE /* TransitionOneViewController.m */; };
		3419BFD61A30DE82005CF9BE /* TransitionTwoViewController.m in Sources */ = {isa = PBXBuildFile; fileRef = 3419BFD51A30DE82005CF9BE /* TransitionTwoViewController.m */; };
/* End PBXBuildFile section */

/* Begin PBXContainerItemProxy section */
		3419BFC21A30DA80005CF9BE /* PBXContainerItemProxy */ = {
			isa = PBXContainerItemProxy;
			containerPortal = 3419BFA01A30DA80005CF9BE /* Project object */;
			proxyType = 1;
			remoteGlobalIDString = 3419BFA71A30DA80005CF9BE;
			remoteInfo = "View Transitions Example";
		};
/* End PBXContainerItemProxy section */

/* Begin PBXFileReference section */
		3419BFA81A30DA80005CF9BE /* View Transitions Example.app */ = {isa = PBXFileReference; explicitFileType = wrapper.application; includeInIndex = 0; path = "View Transitions Example.app"; sourceTree = BUILT_PRODUCTS_DIR; };
		3419BFAC1A30DA80005CF9BE /* Info.plist */ = {isa = PBXFileReference; lastKnownFileType = text.plist.xml; path = Info.plist; sourceTree = "<group>"; };
		3419BFAD1A30DA80005CF9BE /* main.m */ = {isa = PBXFileReference; lastKnownFileType = sourcecode.c.objc; path = main.m; sourceTree = "<group>"; };
		3419BFAF1A30DA80005CF9BE /* AppDelegate.h */ = {isa = PBXFileReference; lastKnownFileType = sourcecode.c.h; path = AppDelegate.h; sourceTree = "<group>"; };
		3419BFB01A30DA80005CF9BE /* AppDelegate.m */ = {isa = PBXFileReference; lastKnownFileType = sourcecode.c.objc; path = AppDelegate.m; sourceTree = "<group>"; };
		3419BFB21A30DA80005CF9BE /* MainViewController.h */ = {isa = PBXFileReference; lastKnownFileType = sourcecode.c.h; path = MainViewController.h; sourceTree = "<group>"; };
		3419BFB31A30DA80005CF9BE /* MainViewController.m */ = {isa = PBXFileReference; lastKnownFileType = sourcecode.c.objc; path = MainViewController.m; sourceTree = "<group>"; };
		3419BFB61A30DA80005CF9BE /* Base */ = {isa = PBXFileReference; lastKnownFileType = file.storyboard; name = Base; path = Base.lproj/Main.storyboard; sourceTree = "<group>"; };
		3419BFB81A30DA80005CF9BE /* Images.xcassets */ = {isa = PBXFileReference; lastKnownFileType = folder.assetcatalog; path = Images.xcassets; sourceTree = "<group>"; };
		3419BFBB1A30DA80005CF9BE /* Base */ = {isa = PBXFileReference; lastKnownFileType = file.xib; name = Base; path = Base.lproj/LaunchScreen.xib; sourceTree = "<group>"; };
		3419BFC11A30DA80005CF9BE /* View Transitions ExampleTests.xctest */ = {isa = PBXFileReference; explicitFileType = wrapper.cfbundle; includeInIndex = 0; path = "View Transitions ExampleTests.xctest"; sourceTree = BUILT_PRODUCTS_DIR; };
		3419BFC61A30DA80005CF9BE /* Info.plist */ = {isa = PBXFileReference; lastKnownFileType = text.plist.xml; path = Info.plist; sourceTree = "<group>"; };
		3419BFC71A30DA80005CF9BE /* View_Transitions_ExampleTests.m */ = {isa = PBXFileReference; lastKnownFileType = sourcecode.c.objc; path = View_Transitions_ExampleTests.m; sourceTree = "<group>"; };
		3419BFD11A30DE71005CF9BE /* TransitionOneViewController.h */ = {isa = PBXFileReference; fileEncoding = 4; lastKnownFileType = sourcecode.c.h; path = TransitionOneViewController.h; sourceTree = "<group>"; };
		3419BFD21A30DE71005CF9BE /* TransitionOneViewController.m */ = {isa = PBXFileReference; fileEncoding = 4; lastKnownFileType = sourcecode.c.objc; path = TransitionOneViewController.m; sourceTree = "<group>"; };
		3419BFD41A30DE82005CF9BE /* TransitionTwoViewController.h */ = {isa = PBXFileReference; fileEncoding = 4; lastKnownFileType = sourcecode.c.h; path = TransitionTwoViewController.h; sourceTree = "<group>"; };
		3419BFD51A30DE82005CF9BE /* TransitionTwoViewController.m */ = {isa = PBXFileReference; fileEncoding = 4; lastKnownFileType = sourcecode.c.objc; path = TransitionTwoViewController.m; sourceTree = "<group>"; };
/* End PBXFileReference section */

/* Begin PBXFrameworksBuildPhase section */
		3419BFA51A30DA80005CF9BE /* Frameworks */ = {
			isa = PBXFrameworksBuildPhase;
			buildActionMask = 2147483647;
			files = (
			);
			runOnlyForDeploymentPostprocessing = 0;
		};
		3419BFBE1A30DA80005CF9BE /* Frameworks */ = {
			isa = PBXFrameworksBuildPhase;
			buildActionMask = 2147483647;
			files = (
			);
			runOnlyForDeploymentPostprocessing = 0;
		};
/* End PBXFrameworksBuildPhase section */

/* Begin PBXGroup section */
		3419BF9F1A30DA80005CF9BE = {
			isa = PBXGroup;
			children = (
				3419BFAA1A30DA80005CF9BE /* View Transitions Example */,
				3419BFC41A30DA80005CF9BE /* View Transitions ExampleTests */,
				3419BFA91A30DA80005CF9BE /* Products */,
			);
			sourceTree = "<group>";
		};
		3419BFA91A30DA80005CF9BE /* Products */ = {
			isa = PBXGroup;
			children = (
				3419BFA81A30DA80005CF9BE /* View Transitions Example.app */,
				3419BFC11A30DA80005CF9BE /* View Transitions ExampleTests.xctest */,
			);
			name = Products;
			sourceTree = "<group>";
		};
		3419BFAA1A30DA80005CF9BE /* View Transitions Example */ = {
			isa = PBXGroup;
			children = (
				3419BFAF1A30DA80005CF9BE /* AppDelegate.h */,
				3419BFB01A30DA80005CF9BE /* AppDelegate.m */,
				3419BFB21A30DA80005CF9BE /* MainViewController.h */,
				3419BFB31A30DA80005CF9BE /* MainViewController.m */,
				3419BFD11A30DE71005CF9BE /* TransitionOneViewController.h */,
				3419BFD21A30DE71005CF9BE /* TransitionOneViewController.m */,
				3419BFD41A30DE82005CF9BE /* TransitionTwoViewController.h */,
				3419BFD51A30DE82005CF9BE /* TransitionTwoViewController.m */,
				3419BFB51A30DA80005CF9BE /* Main.storyboard */,
				3419BFB81A30DA80005CF9BE /* Images.xcassets */,
				3419BFBA1A30DA80005CF9BE /* LaunchScreen.xib */,
				3419BFAB1A30DA80005CF9BE /* Supporting Files */,
			);
			path = "View Transitions Example";
			sourceTree = "<group>";
		};
		3419BFAB1A30DA80005CF9BE /* Supporting Files */ = {
			isa = PBXGroup;
			children = (
				3419BFAC1A30DA80005CF9BE /* Info.plist */,
				3419BFAD1A30DA80005CF9BE /* main.m */,
			);
			name = "Supporting Files";
			sourceTree = "<group>";
		};
		3419BFC41A30DA80005CF9BE /* View Transitions ExampleTests */ = {
			isa = PBXGroup;
			children = (
				3419BFC71A30DA80005CF9BE /* View_Transitions_ExampleTests.m */,
				3419BFC51A30DA80005CF9BE /* Supporting Files */,
			);
			path = "View Transitions ExampleTests";
			sourceTree = "<group>";
		};
		3419BFC51A30DA80005CF9BE /* Supporting Files */ = {
			isa = PBXGroup;
			children = (
				3419BFC61A30DA80005CF9BE /* Info.plist */,
			);
			name = "Supporting Files";
			sourceTree = "<group>";
		};
/* End PBXGroup section */

/* Begin PBXNativeTarget section */
		3419BFA71A30DA80005CF9BE /* View Transitions Example */ = {
			isa = PBXNativeTarget;
			buildConfigurationList = 3419BFCB1A30DA80005CF9BE /* Build configuration list for PBXNativeTarget "View Transitions Example" */;
			buildPhases = (
				3419BFA41A30DA80005CF9BE /* Sources */,
				3419BFA51A30DA80005CF9BE /* Frameworks */,
				3419BFA61A30DA80005CF9BE /* Resources */,
			);
			buildRules = (
			);
			dependencies = (
			);
			name = "View Transitions Example";
			productName = "View Transitions Example";
			productReference = 3419BFA81A30DA80005CF9BE /* View Transitions Example.app */;
			productType = "com.apple.product-type.application";
		};
		3419BFC01A30DA80005CF9BE /* View Transitions ExampleTests */ = {
			isa = PBXNativeTarget;
			buildConfigurationList = 3419BFCE1A30DA80005CF9BE /* Build configuration list for PBXNativeTarget "View Transitions ExampleTests" */;
			buildPhases = (
				3419BFBD1A30DA80005CF9BE /* Sources */,
				3419BFBE1A30DA80005CF9BE /* Frameworks */,
				3419BFBF1A30DA80005CF9BE /* Resources */,
			);
			buildRules = (
			);
			dependencies = (
				3419BFC31A30DA80005CF9BE /* PBXTargetDependency */,
			);
			name = "View Transitions ExampleTests";
			productName = "View Transitions ExampleTests";
			productReference = 3419BFC11A30DA80005CF9BE /* View Transitions ExampleTests.xctest */;
			productType = "com.apple.product-type.bundle.unit-test";
		};
/* End PBXNativeTarget section */

/* Begin PBXProject section */
		3419BFA01A30DA80005CF9BE /* Project object */ = {
			isa = PBXProject;
			attributes = {
				LastUpgradeCheck = 0610;
				ORGANIZATIONNAME = "Taylor Wright-Sanson";
				TargetAttributes = {
					3419BFA71A30DA80005CF9BE = {
						CreatedOnToolsVersion = 6.1.1;
					};
					3419BFC01A30DA80005CF9BE = {
						CreatedOnToolsVersion = 6.1.1;
						TestTargetID = 3419BFA71A30DA80005CF9BE;
					};
				};
			};
			buildConfigurationList = 3419BFA31A30DA80005CF9BE /* Build configuration list for PBXProject "View Transitions Example" */;
			compatibilityVersion = "Xcode 3.2";
			developmentRegion = English;
			hasScannedForEncodings = 0;
			knownRegions = (
				en,
				Base,
			);
			mainGroup = 3419BF9F1A30DA80005CF9BE;
			productRefGroup = 3419BFA91A30DA80005CF9BE /* Products */;
			projectDirPath = "";
			projectRoot = "";
			targets = (
				3419BFA71A30DA80005CF9BE /* View Transitions Example */,
				3419BFC01A30DA80005CF9BE /* View Transitions ExampleTests */,
			);
		};
/* End PBXProject section */

/* Begin PBXResourcesBuildPhase section */
		3419BFA61A30DA80005CF9BE /* Resources */ = {
			isa = PBXResourcesBuildPhase;
			buildActionMask = 2147483647;
			files = (
				3419BFB71A30DA80005CF9BE /* Main.storyboard in Resources */,
				3419BFBC1A30DA80005CF9BE /* LaunchScreen.xib in Resources */,
				3419BFB91A30DA80005CF9BE /* Images.xcassets in Resources */,
			);
			runOnlyForDeploymentPostprocessing = 0;
		};
		3419BFBF1A30DA80005CF9BE /* Resources */ = {
			isa = PBXResourcesBuildPhase;
			buildActionMask = 2147483647;
			files = (
			);
			runOnlyForDeploymentPostprocessing = 0;
		};
/* End PBXResourcesBuildPhase section */

/* Begin PBXSourcesBuildPhase section */
		3419BFA41A30DA80005CF9BE /* Sources */ = {
			isa = PBXSourcesBuildPhase;
			buildActionMask = 2147483647;
			files = (
				3419BFD31A30DE71005CF9BE /* TransitionOneViewController.m in Sources */,
				3419BFB41A30DA80005CF9BE /* MainViewController.m in Sources */,
				3419BFB11A30DA80005CF9BE /* AppDelegate.m in Sources */,
				3419BFD61A30DE82005CF9BE /* TransitionTwoViewController.m in Sources */,
				3419BFAE1A30DA80005CF9BE /* main.m in Sources */,
			);
			runOnlyForDeploymentPostprocessing = 0;
		};
		3419BFBD1A30DA80005CF9BE /* Sources */ = {
			isa = PBXSourcesBuildPhase;
			buildActionMask = 2147483647;
			files = (
				3419BFC81A30DA80005CF9BE /* View_Transitions_ExampleTests.m in Sources */,
			);
			runOnlyForDeploymentPostprocessing = 0;
		};
/* End PBXSourcesBuildPhase section */

/* Begin PBXTargetDependency section */
		3419BFC31A30DA80005CF9BE /* PBXTargetDependency */ = {
			isa = PBXTargetDependency;
			target = 3419BFA71A30DA80005CF9BE /* View Transitions Example */;
			targetProxy = 3419BFC21A30DA80005CF9BE /* PBXContainerItemProxy */;
		};
/* End PBXTargetDependency section */

/* Begin PBXVariantGroup section */
		3419BFB51A30DA80005CF9BE /* Main.storyboard */ = {
			isa = PBXVariantGroup;
			children = (
				3419BFB61A30DA80005CF9BE /* Base */,
			);
			name = Main.storyboard;
			sourceTree = "<group>";
		};
		3419BFBA1A30DA80005CF9BE /* LaunchScreen.xib */ = {
			isa = PBXVariantGroup;
			children = (
				3419BFBB1A30DA80005CF9BE /* Base */,
			);
			name = LaunchScreen.xib;
			sourceTree = "<group>";
		};
/* End PBXVariantGroup section */

/* Begin XCBuildConfiguration section */
		3419BFC91A30DA80005CF9BE /* Debug */ = {
			isa = XCBuildConfiguration;
			buildSettings = {
				ALWAYS_SEARCH_USER_PATHS = NO;
				CLANG_CXX_LANGUAGE_STANDARD = "gnu++0x";
				CLANG_CXX_LIBRARY = "libc++";
				CLANG_ENABLE_MODULES = YES;
				CLANG_ENABLE_OBJC_ARC = YES;
				CLANG_WARN_BOOL_CONVERSION = YES;
				CLANG_WARN_CONSTANT_CONVERSION = YES;
				CLANG_WARN_DIRECT_OBJC_ISA_USAGE = YES_ERROR;
				CLANG_WARN_EMPTY_BODY = YES;
				CLANG_WARN_ENUM_CONVERSION = YES;
				CLANG_WARN_INT_CONVERSION = YES;
				CLANG_WARN_OBJC_ROOT_CLASS = YES_ERROR;
				CLANG_WARN_UNREACHABLE_CODE = YES;
				CLANG_WARN__DUPLICATE_METHOD_MATCH = YES;
				"CODE_SIGN_IDENTITY[sdk=iphoneos*]" = "iPhone Developer";
				COPY_PHASE_STRIP = NO;
				ENABLE_STRICT_OBJC_MSGSEND = YES;
				GCC_C_LANGUAGE_STANDARD = gnu99;
				GCC_DYNAMIC_NO_PIC = NO;
				GCC_OPTIMIZATION_LEVEL = 0;
				GCC_PREPROCESSOR_DEFINITIONS = (
					"DEBUG=1",
					"$(inherited)",
				);
				GCC_SYMBOLS_PRIVATE_EXTERN = NO;
				GCC_WARN_64_TO_32_BIT_CONVERSION = YES;
				GCC_WARN_ABOUT_RETURN_TYPE = YES_ERROR;
				GCC_WARN_UNDECLARED_SELECTOR = YES;
				GCC_WARN_UNINITIALIZED_AUTOS = YES_AGGRESSIVE;
				GCC_WARN_UNUSED_FUNCTION = YES;
				GCC_WARN_UNUSED_VARIABLE = YES;
				IPHONEOS_DEPLOYMENT_TARGET = 8.1;
				MTL_ENABLE_DEBUG_INFO = YES;
				ONLY_ACTIVE_ARCH = YES;
				SDKROOT = iphoneos;
				TARGETED_DEVICE_FAMILY = "1,2";
			};
			name = Debug;
		};
		3419BFCA1A30DA80005CF9BE /* Release */ = {
			isa = XCBuildConfiguration;
			buildSettings = {
				ALWAYS_SEARCH_USER_PATHS = NO;
				CLANG_CXX_LANGUAGE_STANDARD = "gnu++0x";
				CLANG_CXX_LIBRARY = "libc++";
				CLANG_ENABLE_MODULES = YES;
				CLANG_ENABLE_OBJC_ARC = YES;
				CLANG_WARN_BOOL_CONVERSION = YES;
				CLANG_WARN_CONSTANT_CONVERSION = YES;
				CLANG_WARN_DIRECT_OBJC_ISA_USAGE = YES_ERROR;
				CLANG_WARN_EMPTY_BODY = YES;
				CLANG_WARN_ENUM_CONVERSION = YES;
				CLANG_WARN_INT_CONVERSION = YES;
				CLANG_WARN_OBJC_ROOT_CLASS = YES_ERROR;
				CLANG_WARN_UNREACHABLE_CODE = YES;
				CLANG_WARN__DUPLICATE_METHOD_MATCH = YES;
				"CODE_SIGN_IDENTITY[sdk=iphoneos*]" = "iPhone Developer";
				COPY_PHASE_STRIP = YES;
				ENABLE_NS_ASSERTIONS = NO;
				ENABLE_STRICT_OBJC_MSGSEND = YES;
				GCC_C_LANGUAGE_STANDARD = gnu99;
				GCC_WARN_64_TO_32_BIT_CONVERSION = YES;
				GCC_WARN_ABOUT_RETURN_TYPE = YES_ERROR;
				GCC_WARN_UNDECLARED_SELECTOR = YES;
				GCC_WARN_UNINITIALIZED_AUTOS = YES_AGGRESSIVE;
				GCC_WARN_UNUSED_FUNCTION = YES;
				GCC_WARN_UNUSED_VARIABLE = YES;
				IPHONEOS_DEPLOYMENT_TARGET = 8.1;
				MTL_ENABLE_DEBUG_INFO = NO;
				SDKROOT = iphoneos;
				TARGETED_DEVICE_FAMILY = "1,2";
				VALIDATE_PRODUCT = YES;
			};
			name = Release;
		};
		3419BFCC1A30DA80005CF9BE /* Debug */ = {
			isa = XCBuildConfiguration;
			buildSettings = {
				ASSETCATALOG_COMPILER_APPICON_NAME = AppIcon;
				INFOPLIST_FILE = "View Transitions Example/Info.plist";
				LD_RUNPATH_SEARCH_PATHS = "$(inherited) @executable_path/Frameworks";
				PRODUCT_NAME = "$(TARGET_NAME)";
			};
			name = Debug;
		};
		3419BFCD1A30DA80005CF9BE /* Release */ = {
			isa = XCBuildConfiguration;
			buildSettings = {
				ASSETCATALOG_COMPILER_APPICON_NAME = AppIcon;
				INFOPLIST_FILE = "View Transitions Example/Info.plist";
				LD_RUNPATH_SEARCH_PATHS = "$(inherited) @executable_path/Frameworks";
				PRODUCT_NAME = "$(TARGET_NAME)";
			};
			name = Release;
		};
		3419BFCF1A30DA80005CF9BE /* Debug */ = {
			isa = XCBuildConfiguration;
			buildSettings = {
				BUNDLE_LOADER = "$(TEST_HOST)";
				FRAMEWORK_SEARCH_PATHS = (
					"$(SDKROOT)/Developer/Library/Frameworks",
					"$(inherited)",
				);
				GCC_PREPROCESSOR_DEFINITIONS = (
					"DEBUG=1",
					"$(inherited)",
				);
				INFOPLIST_FILE = "View Transitions ExampleTests/Info.plist";
				LD_RUNPATH_SEARCH_PATHS = "$(inherited) @executable_path/Frameworks @loader_path/Frameworks";
				PRODUCT_NAME = "$(TARGET_NAME)";
				TEST_HOST = "$(BUILT_PRODUCTS_DIR)/View Transitions Example.app/View Transitions Example";
			};
			name = Debug;
		};
		3419BFD01A30DA80005CF9BE /* Release */ = {
			isa = XCBuildConfiguration;
			buildSettings = {
				BUNDLE_LOADER = "$(TEST_HOST)";
				FRAMEWORK_SEARCH_PATHS = (
					"$(SDKROOT)/Developer/Library/Frameworks",
					"$(inherited)",
				);
				INFOPLIST_FILE = "View Transitions ExampleTests/Info.plist";
				LD_RUNPATH_SEARCH_PATHS = "$(inherited) @executable_path/Frameworks @loader_path/Frameworks";
				PRODUCT_NAME = "$(TARGET_NAME)";
				TEST_HOST = "$(BUILT_PRODUCTS_DIR)/View Transitions Example.app/View Transitions Example";
			};
			name = Release;
		};
/* End XCBuildConfiguration section */

/* Begin XCConfigurationList section */
		3419BFA31A30DA80005CF9BE /* Build configuration list for PBXProject "View Transitions Example" */ = {
			isa = XCConfigurationList;
			buildConfigurations = (
				3419BFC91A30DA80005CF9BE /* Debug */,
				3419BFCA1A30DA80005CF9BE /* Release */,
			);
			defaultConfigurationIsVisible = 0;
			defaultConfigurationName = Release;
		};
		3419BFCB1A30DA80005CF9BE /* Build configuration list for PBXNativeTarget "View Transitions Example" */ = {
			isa = XCConfigurationList;
			buildConfigurations = (
				3419BFCC1A30DA80005CF9BE /* Debug */,
				3419BFCD1A30DA80005CF9BE /* Release */,
			);
			defaultConfigurationIsVisible = 0;
		};
		3419BFCE1A30DA80005CF9BE /* Build configuration list for PBXNativeTarget "View Transitions ExampleTests" */ = {
			isa = XCConfigurationList;
			buildConfigurations = (
				3419BFCF1A30DA80005CF9BE /* Debug */,
				3419BFD01A30DA80005CF9BE /* Release */,
			);
			defaultConfigurationIsVisible = 0;
		};
/* End XCConfigurationList section */
	};
	rootObject = 3419BFA01A30DA80005CF9BE /* Project object */;
}
